
Microsoft Visual Studio Solution File, Format Version 12.00
# Visual Studio 15
VisualStudioVersion = 15.0.28307.271
MinimumVisualStudioVersion = 10.0.40219.1
Project("{9A19103F-16F7-4668-BE54-9A1E7A4F7556}") = "TodoApi", "TodoApi.csproj", "{59A7B4B1-1FE4-473F-AF7C-B9A7E4DB4B62}"
EndProject
Project("{FAE04EC0-301F-11D3-BF4B-00C04F79EFBC}") = "ExLibrary", "..\ExLibrary\ExLibrary.csproj", "{66BFB49B-F0DF-479B-82A4-55B4D1A34AFB}"
EndProject
Global
	GlobalSection(SolutionConfigurationPlatforms) = preSolution
		Debug|Any CPU = Debug|Any CPU
		Release|Any CPU = Release|Any CPU
	EndGlobalSection
	GlobalSection(ProjectConfigurationPlatforms) = postSolution
		{59A7B4B1-1FE4-473F-AF7C-B9A7E4DB4B62}.Debug|Any CPU.ActiveCfg = Debug|Any CPU
		{59A7B4B1-1FE4-473F-AF7C-B9A7E4DB4B62}.Debug|Any CPU.Build.0 = Debug|Any CPU
		{59A7B4B1-1FE4-473F-AF7C-B9A7E4DB4B62}.Release|Any CPU.ActiveCfg = Release|Any CPU
		{59A7B4B1-1FE4-473F-AF7C-B9A7E4DB4B62}.Release|Any CPU.Build.0 = Release|Any CPU
		{66BFB49B-F0DF-479B-82A4-55B4D1A34AFB}.Debug|Any CPU.ActiveCfg = Debug|Any CPU
		{66BFB49B-F0DF-479B-82A4-55B4D1A34AFB}.Debug|Any CPU.Build.0 = Debug|Any CPU
		{66BFB49B-F0DF-479B-82A4-55B4D1A34AFB}.Release|Any CPU.ActiveCfg = Release|Any CPU
		{66BFB49B-F0DF-479B-82A4-55B4D1A34AFB}.Release|Any CPU.Build.0 = Release|Any CPU
	EndGlobalSection
	GlobalSection(SolutionProperties) = preSolution
		HideSolutionNode = FALSE
	EndGlobalSection
	GlobalSection(ExtensibilityGlobals) = postSolution
		SolutionGuid = {58AE4A01-19D4-4826-B3B7-2D6DA617B665}
	EndGlobalSection
EndGlobal
